// !$*UTF8*$!
{
	archiveVersion = 1;
	classes = {
	};
	objectVersion = 50;
	objects = {

/* Begin PBXBuildFile section */
		004D714922D09558005FA116 /* CityTableViewCell.xib in Resources */ = {isa = PBXBuildFile; fileRef = 004D714822D09558005FA116 /* CityTableViewCell.xib */; };
		007BD3C822CBBBEF00384CE2 /* AppDelegate.swift in Sources */ = {isa = PBXBuildFile; fileRef = 007BD3C722CBBBEF00384CE2 /* AppDelegate.swift */; };
		007BD3CA22CBBBEF00384CE2 /* ViewController.swift in Sources */ = {isa = PBXBuildFile; fileRef = 007BD3C922CBBBEF00384CE2 /* ViewController.swift */; };
		007BD3CD22CBBBEF00384CE2 /* Main.storyboard in Resources */ = {isa = PBXBuildFile; fileRef = 007BD3CB22CBBBEF00384CE2 /* Main.storyboard */; };
		007BD3CF22CBBBF000384CE2 /* Assets.xcassets in Resources */ = {isa = PBXBuildFile; fileRef = 007BD3CE22CBBBF000384CE2 /* Assets.xcassets */; };
		007BD3D222CBBBF000384CE2 /* LaunchScreen.storyboard in Resources */ = {isa = PBXBuildFile; fileRef = 007BD3D022CBBBF000384CE2 /* LaunchScreen.storyboard */; };
		007BD3DD22CBBBF000384CE2 /* firstAppTests.swift in Sources */ = {isa = PBXBuildFile; fileRef = 007BD3DC22CBBBF000384CE2 /* firstAppTests.swift */; };
		007BD3E822CBBBF000384CE2 /* firstAppUITests.swift in Sources */ = {isa = PBXBuildFile; fileRef = 007BD3E722CBBBF000384CE2 /* firstAppUITests.swift */; };
/* End PBXBuildFile section */

/* Begin PBXContainerItemProxy section */
		007BD3D922CBBBF000384CE2 /* PBXContainerItemProxy */ = {
			isa = PBXContainerItemProxy;
			containerPortal = 007BD3BC22CBBBEF00384CE2 /* Project object */;
			proxyType = 1;
			remoteGlobalIDString = 007BD3C322CBBBEF00384CE2;
			remoteInfo = firstApp;
		};
		007BD3E422CBBBF000384CE2 /* PBXContainerItemProxy */ = {
			isa = PBXContainerItemProxy;
			containerPortal = 007BD3BC22CBBBEF00384CE2 /* Project object */;
			proxyType = 1;
			remoteGlobalIDString = 007BD3C322CBBBEF00384CE2;
			remoteInfo = firstApp;
		};
/* End PBXContainerItemProxy section */

/* Begin PBXFileReference section */
		004D714822D09558005FA116 /* CityTableViewCell.xib */ = {isa = PBXFileReference; lastKnownFileType = file.xib; path = CityTableViewCell.xib; sourceTree = "<group>"; };
		007BD3C422CBBBEF00384CE2 /* firstApp.app */ = {isa = PBXFileReference; explicitFileType = wrapper.application; includeInIndex = 0; path = firstApp.app; sourceTree = BUILT_PRODUCTS_DIR; };
		007BD3C722CBBBEF00384CE2 /* AppDelegate.swift */ = {isa = PBXFileReference; lastKnownFileType = sourcecode.swift; path = AppDelegate.swift; sourceTree = "<group>"; };
		007BD3C922CBBBEF00384CE2 /* ViewController.swift */ = {isa = PBXFileReference; lastKnownFileType = sourcecode.swift; path = ViewController.swift; sourceTree = "<group>"; };
		007BD3CC22CBBBEF00384CE2 /* Base */ = {isa = PBXFileReference; lastKnownFileType = file.storyboard; name = Base; path = Base.lproj/Main.storyboard; sourceTree = "<group>"; };
		007BD3CE22CBBBF000384CE2 /* Assets.xcassets */ = {isa = PBXFileReference; lastKnownFileType = folder.assetcatalog; path = Assets.xcassets; sourceTree = "<group>"; };
		007BD3D122CBBBF000384CE2 /* Base */ = {isa = PBXFileReference; lastKnownFileType = file.storyboard; name = Base; path = Base.lproj/LaunchScreen.storyboard; sourceTree = "<group>"; };
		007BD3D322CBBBF000384CE2 /* Info.plist */ = {isa = PBXFileReference; lastKnownFileType = text.plist.xml; path = Info.plist; sourceTree = "<group>"; };
		007BD3D822CBBBF000384CE2 /* firstAppTests.xctest */ = {isa = PBXFileReference; explicitFileType = wrapper.cfbundle; includeInIndex = 0; path = firstAppTests.xctest; sourceTree = BUILT_PRODUCTS_DIR; };
		007BD3DC22CBBBF000384CE2 /* firstAppTests.swift */ = {isa = PBXFileReference; lastKnownFileType = sourcecode.swift; path = firstAppTests.swift; sourceTree = "<group>"; };
		007BD3DE22CBBBF000384CE2 /* Info.plist */ = {isa = PBXFileReference; lastKnownFileType = text.plist.xml; path = Info.plist; sourceTree = "<group>"; };
		007BD3E322CBBBF000384CE2 /* firstAppUITests.xctest */ = {isa = PBXFileReference; explicitFileType = wrapper.cfbundle; includeInIndex = 0; path = firstAppUITests.xctest; sourceTree = BUILT_PRODUCTS_DIR; };
		007BD3E722CBBBF000384CE2 /* firstAppUITests.swift */ = {isa = PBXFileReference; lastKnownFileType = sourcecode.swift; path = firstAppUITests.swift; sourceTree = "<group>"; };
		007BD3E922CBBBF000384CE2 /* Info.plist */ = {isa = PBXFileReference; lastKnownFileType = text.plist.xml; path = Info.plist; sourceTree = "<group>"; };
/* End PBXFileReference section */

/* Begin PBXFrameworksBuildPhase section */
		007BD3C122CBBBEF00384CE2 /* Frameworks */ = {
			isa = PBXFrameworksBuildPhase;
			buildActionMask = 2147483647;
			files = (
			);
			runOnlyForDeploymentPostprocessing = 0;
		};
		007BD3D522CBBBF000384CE2 /* Frameworks */ = {
			isa = PBXFrameworksBuildPhase;
			buildActionMask = 2147483647;
			files = (
			);
			runOnlyForDeploymentPostprocessing = 0;
		};
		007BD3E022CBBBF000384CE2 /* Frameworks */ = {
			isa = PBXFrameworksBuildPhase;
			buildActionMask = 2147483647;
			files = (
			);
			runOnlyForDeploymentPostprocessing = 0;
		};
/* End PBXFrameworksBuildPhase section */

/* Begin PBXGroup section */
		007BD3BB22CBBBEF00384CE2 = {
			isa = PBXGroup;
			children = (
				007BD3C622CBBBEF00384CE2 /* firstApp */,
				007BD3DB22CBBBF000384CE2 /* firstAppTests */,
				007BD3E622CBBBF000384CE2 /* firstAppUITests */,
				007BD3C522CBBBEF00384CE2 /* Products */,
			);
			sourceTree = "<group>";
		};
		007BD3C522CBBBEF00384CE2 /* Products */ = {
			isa = PBXGroup;
			children = (
				007BD3C422CBBBEF00384CE2 /* firstApp.app */,
				007BD3D822CBBBF000384CE2 /* firstAppTests.xctest */,
				007BD3E322CBBBF000384CE2 /* firstAppUITests.xctest */,
			);
			name = Products;
			sourceTree = "<group>";
		};
		007BD3C622CBBBEF00384CE2 /* firstApp */ = {
			isa = PBXGroup;
			children = (
				007BD3C722CBBBEF00384CE2 /* AppDelegate.swift */,
				007BD3C922CBBBEF00384CE2 /* ViewController.swift */,
				007BD3CB22CBBBEF00384CE2 /* Main.storyboard */,
				007BD3CE22CBBBF000384CE2 /* Assets.xcassets */,
				007BD3D022CBBBF000384CE2 /* LaunchScreen.storyboard */,
				007BD3D322CBBBF000384CE2 /* Info.plist */,
				004D714822D09558005FA116 /* CityTableViewCell.xib */,
			);
			path = firstApp;
			sourceTree = "<group>";
		};
		007BD3DB22CBBBF000384CE2 /* firstAppTests */ = {
			isa = PBXGroup;
			children = (
				007BD3DC22CBBBF000384CE2 /* firstAppTests.swift */,
				007BD3DE22CBBBF000384CE2 /* Info.plist */,
			);
			path = firstAppTests;
			sourceTree = "<group>";
		};
		007BD3E622CBBBF000384CE2 /* firstAppUITests */ = {
			isa = PBXGroup;
			children = (
				007BD3E722CBBBF000384CE2 /* firstAppUITests.swift */,
				007BD3E922CBBBF000384CE2 /* Info.plist */,
			);
			path = firstAppUITests;
			sourceTree = "<group>";
		};
/* End PBXGroup section */

/* Begin PBXNativeTarget section */
		007BD3C322CBBBEF00384CE2 /* firstApp */ = {
			isa = PBXNativeTarget;
			buildConfigurationList = 007BD3EC22CBBBF000384CE2 /* Build configuration list for PBXNativeTarget "firstApp" */;
			buildPhases = (
				007BD3C022CBBBEF00384CE2 /* Sources */,
				007BD3C122CBBBEF00384CE2 /* Frameworks */,
				007BD3C222CBBBEF00384CE2 /* Resources */,
			);
			buildRules = (
			);
			dependencies = (
			);
			name = firstApp;
			productName = firstApp;
			productReference = 007BD3C422CBBBEF00384CE2 /* firstApp.app */;
			productType = "com.apple.product-type.application";
		};
		007BD3D722CBBBF000384CE2 /* firstAppTests */ = {
			isa = PBXNativeTarget;
			buildConfigurationList = 007BD3EF22CBBBF000384CE2 /* Build configuration list for PBXNativeTarget "firstAppTests" */;
			buildPhases = (
				007BD3D422CBBBF000384CE2 /* Sources */,
				007BD3D522CBBBF000384CE2 /* Frameworks */,
				007BD3D622CBBBF000384CE2 /* Resources */,
			);
			buildRules = (
			);
			dependencies = (
				007BD3DA22CBBBF000384CE2 /* PBXTargetDependency */,
			);
			name = firstAppTests;
			productName = firstAppTests;
			productReference = 007BD3D822CBBBF000384CE2 /* firstAppTests.xctest */;
			productType = "com.apple.product-type.bundle.unit-test";
		};
		007BD3E222CBBBF000384CE2 /* firstAppUITests */ = {
			isa = PBXNativeTarget;
			buildConfigurationList = 007BD3F222CBBBF000384CE2 /* Build configuration list for PBXNativeTarget "firstAppUITests" */;
			buildPhases = (
				007BD3DF22CBBBF000384CE2 /* Sources */,
				007BD3E022CBBBF000384CE2 /* Frameworks */,
				007BD3E122CBBBF000384CE2 /* Resources */,
			);
			buildRules = (
			);
			dependencies = (
				007BD3E522CBBBF000384CE2 /* PBXTargetDependency */,
			);
			name = firstAppUITests;
			productName = firstAppUITests;
			productReference = 007BD3E322CBBBF000384CE2 /* firstAppUITests.xctest */;
			productType = "com.apple.product-type.bundle.ui-testing";
		};
/* End PBXNativeTarget section */

/* Begin PBXProject section */
		007BD3BC22CBBBEF00384CE2 /* Project object */ = {
			isa = PBXProject;
			attributes = {
				LastSwiftUpdateCheck = 1020;
				LastUpgradeCheck = 1020;
				ORGANIZATIONNAME = LearnAppMaking;
				TargetAttributes = {
					007BD3C322CBBBEF00384CE2 = {
						CreatedOnToolsVersion = 10.2.1;
					};
					007BD3D722CBBBF000384CE2 = {
						CreatedOnToolsVersion = 10.2.1;
						TestTargetID = 007BD3C322CBBBEF00384CE2;
					};
					007BD3E222CBBBF000384CE2 = {
						CreatedOnToolsVersion = 10.2.1;
						TestTargetID = 007BD3C322CBBBEF00384CE2;
					};
				};
			};
			buildConfigurationList = 007BD3BF22CBBBEF00384CE2 /* Build configuration list for PBXProject "firstApp" */;
			compatibilityVersion = "Xcode 9.3";
			developmentRegion = en;
			hasScannedForEncodings = 0;
			knownRegions = (
				en,
				Base,
			);
			mainGroup = 007BD3BB22CBBBEF00384CE2;
			productRefGroup = 007BD3C522CBBBEF00384CE2 /* Products */;
			projectDirPath = "";
			projectRoot = "";
			targets = (
				007BD3C322CBBBEF00384CE2 /* firstApp */,
				007BD3D722CBBBF000384CE2 /* firstAppTests */,
				007BD3E222CBBBF000384CE2 /* firstAppUITests */,
			);
		};
/* End PBXProject section */

/* Begin PBXResourcesBuildPhase section */
		007BD3C222CBBBEF00384CE2 /* Resources */ = {
			isa = PBXResourcesBuildPhase;
			buildActionMask = 2147483647;
			files = (
				004D714922D09558005FA116 /* CityTableViewCell.xib in Resources */,
				007BD3D222CBBBF000384CE2 /* LaunchScreen.storyboard in Resources */,
				007BD3CF22CBBBF000384CE2 /* Assets.xcassets in Resources */,
				007BD3CD22CBBBEF00384CE2 /* Main.storyboard in Resources */,
			);
			runOnlyForDeploymentPostprocessing = 0;
		};
		007BD3D622CBBBF000384CE2 /* Resources */ = {
			isa = PBXResourcesBuildPhase;
			buildActionMask = 2147483647;
			files = (
			);
			runOnlyForDeploymentPostprocessing = 0;
		};
		007BD3E122CBBBF000384CE2 /* Resources */ = {
			isa = PBXResourcesBuildPhase;
			buildActionMask = 2147483647;
			files = (
			);
			runOnlyForDeploymentPostprocessing = 0;
		};
/* End PBXResourcesBuildPhase section */

/* Begin PBXSourcesBuildPhase section */
		007BD3C022CBBBEF00384CE2 /* Sources */ = {
			isa = PBXSourcesBuildPhase;
			buildActionMask = 2147483647;
			files = (
				007BD3CA22CBBBEF00384CE2 /* ViewController.swift in Sources */,
				007BD3C822CBBBEF00384CE2 /* AppDelegate.swift in Sources */,
			);
			runOnlyForDeploymentPostprocessing = 0;
		};
		007BD3D422CBBBF000384CE2 /* Sources */ = {
			isa = PBXSourcesBuildPhase;
			buildActionMask = 2147483647;
			files = (
				007BD3DD22CBBBF000384CE2 /* firstAppTests.swift in Sources */,
			);
			runOnlyForDeploymentPostprocessing = 0;
		};
		007BD3DF22CBBBF000384CE2 /* Sources */ = {
			isa = PBXSourcesBuildPhase;
			buildActionMask = 2147483647;
			files = (
				007BD3E822CBBBF000384CE2 /* firstAppUITests.swift in Sources */,
			);
			runOnlyForDeploymentPostprocessing = 0;
		};
/* End PBXSourcesBuildPhase section */

/* Begin PBXTargetDependency section */
		007BD3DA22CBBBF000384CE2 /* PBXTargetDependency */ = {
			isa = PBXTargetDependency;
			target = 007BD3C322CBBBEF00384CE2 /* firstApp */;
			targetProxy = 007BD3D922CBBBF000384CE2 /* PBXContainerItemProxy */;
		};
		007BD3E522CBBBF000384CE2 /* PBXTargetDependency */ = {
			isa = PBXTargetDependency;
			target = 007BD3C322CBBBEF00384CE2 /* firstApp */;
			targetProxy = 007BD3E422CBBBF000384CE2 /* PBXContainerItemProxy */;
		};
/* End PBXTargetDependency section */

/* Begin PBXVariantGroup section */
		007BD3CB22CBBBEF00384CE2 /* Main.storyboard */ = {
			isa = PBXVariantGroup;
			children = (
				007BD3CC22CBBBEF00384CE2 /* Base */,
			);
			name = Main.storyboard;
			sourceTree = "<group>";
		};
		007BD3D022CBBBF000384CE2 /* LaunchScreen.storyboard */ = {
			isa = PBXVariantGroup;
			children = (
				007BD3D122CBBBF000384CE2 /* Base */,
			);
			name = LaunchScreen.storyboard;
			sourceTree = "<group>";
		};
/* End PBXVariantGroup section */

/* Begin XCBuildConfiguration section */
		007BD3EA22CBBBF000384CE2 /* Debug */ = {
			isa = XCBuildConfiguration;
			buildSettings = {
				ALWAYS_SEARCH_USER_PATHS = NO;
				CLANG_ANALYZER_NONNULL = YES;
				CLANG_ANALYZER_NUMBER_OBJECT_CONVERSION = YES_AGGRESSIVE;
				CLANG_CXX_LANGUAGE_STANDARD = "gnu++14";
				CLANG_CXX_LIBRARY = "libc++";
				CLANG_ENABLE_MODULES = YES;
				CLANG_ENABLE_OBJC_ARC = YES;
				CLANG_ENABLE_OBJC_WEAK = YES;
				CLANG_WARN_BLOCK_CAPTURE_AUTORELEASING = YES;
				CLANG_WARN_BOOL_CONVERSION = YES;
				CLANG_WARN_COMMA = YES;
				CLANG_WARN_CONSTANT_CONVERSION = YES;
				CLANG_WARN_DEPRECATED_OBJC_IMPLEMENTATIONS = YES;
				CLANG_WARN_DIRECT_OBJC_ISA_USAGE = YES_ERROR;
				CLANG_WARN_DOCUMENTATION_COMMENTS = YES;
				CLANG_WARN_EMPTY_BODY = YES;
				CLANG_WARN_ENUM_CONVERSION = YES;
				CLANG_WARN_INFINITE_RECURSION = YES;
				CLANG_WARN_INT_CONVERSION = YES;
				CLANG_WARN_NON_LITERAL_NULL_CONVERSION = YES;
				CLANG_WARN_OBJC_IMPLICIT_RETAIN_SELF = YES;
				CLANG_WARN_OBJC_LITERAL_CONVERSION = YES;
				CLANG_WARN_OBJC_ROOT_CLASS = YES_ERROR;
				CLANG_WARN_RANGE_LOOP_ANALYSIS = YES;
				CLANG_WARN_STRICT_PROTOTYPES = YES;
				CLANG_WARN_SUSPICIOUS_MOVE = YES;
				CLANG_WARN_UNGUARDED_AVAILABILITY = YES_AGGRESSIVE;
				CLANG_WARN_UNREACHABLE_CODE = YES;
				CLANG_WARN__DUPLICATE_METHOD_MATCH = YES;
				CODE_SIGN_IDENTITY = "iPhone Developer";
				COPY_PHASE_STRIP = NO;
				DEBUG_INFORMATION_FORMAT = dwarf;
				ENABLE_STRICT_OBJC_MSGSEND = YES;
				ENABLE_TESTABILITY = YES;
				GCC_C_LANGUAGE_STANDARD = gnu11;
				GCC_DYNAMIC_NO_PIC = NO;
				GCC_NO_COMMON_BLOCKS = YES;
				GCC_OPTIMIZATION_LEVEL = 0;
				GCC_PREPROCESSOR_DEFINITIONS = (
					"DEBUG=1",
					"$(inherited)",
				);
				GCC_WARN_64_TO_32_BIT_CONVERSION = YES;
				GCC_WARN_ABOUT_RETURN_TYPE = YES_ERROR;
				GCC_WARN_UNDECLARED_SELECTOR = YES;
				GCC_WARN_UNINITIALIZED_AUTOS = YES_AGGRESSIVE;
				GCC_WARN_UNUSED_FUNCTION = YES;
				GCC_WARN_UNUSED_VARIABLE = YES;
				IPHONEOS_DEPLOYMENT_TARGET = 12.2;
				MTL_ENABLE_DEBUG_INFO = INCLUDE_SOURCE;
				MTL_FAST_MATH = YES;
				ONLY_ACTIVE_ARCH = YES;
				SDKROOT = iphoneos;
				SWIFT_ACTIVE_COMPILATION_CONDITIONS = DEBUG;
				SWIFT_OPTIMIZATION_LEVEL = "-Onone";
			};
			name = Debug;
		};
		007BD3EB22CBBBF000384CE2 /* Release */ = {
			isa = XCBuildConfiguration;
			buildSettings = {
				ALWAYS_SEARCH_USER_PATHS = NO;
				CLANG_ANALYZER_NONNULL = YES;
				CLANG_ANALYZER_NUMBER_OBJECT_CONVERSION = YES_AGGRESSIVE;
				CLANG_CXX_LANGUAGE_STANDARD = "gnu++14";
				CLANG_CXX_LIBRARY = "libc++";
				CLANG_ENABLE_MODULES = YES;
				CLANG_ENABLE_OBJC_ARC = YES;
				CLANG_ENABLE_OBJC_WEAK = YES;
				CLANG_WARN_BLOCK_CAPTURE_AUTORELEASING = YES;
				CLANG_WARN_BOOL_CONVERSION = YES;
				CLANG_WARN_COMMA = YES;
				CLANG_WARN_CONSTANT_CONVERSION = YES;
				CLANG_WARN_DEPRECATED_OBJC_IMPLEMENTATIONS = YES;
				CLANG_WARN_DIRECT_OBJC_ISA_USAGE = YES_ERROR;
				CLANG_WARN_DOCUMENTATION_COMMENTS = YES;
				CLANG_WARN_EMPTY_BODY = YES;
				CLANG_WARN_ENUM_CONVERSION = YES;
				CLANG_WARN_INFINITE_RECURSION = YES;
				CLANG_WARN_INT_CONVERSION = YES;
				CLANG_WARN_NON_LITERAL_NULL_CONVERSION = YES;
				CLANG_WARN_OBJC_IMPLICIT_RETAIN_SELF = YES;
				CLANG_WARN_OBJC_LITERAL_CONVERSION = YES;
				CLANG_WARN_OBJC_ROOT_CLASS = YES_ERROR;
				CLANG_WARN_RANGE_LOOP_ANALYSIS = YES;
				CLANG_WARN_STRICT_PROTOTYPES = YES;
				CLANG_WARN_SUSPICIOUS_MOVE = YES;
				CLANG_WARN_UNGUARDED_AVAILABILITY = YES_AGGRESSIVE;
				CLANG_WARN_UNREACHABLE_CODE = YES;
				CLANG_WARN__DUPLICATE_METHOD_MATCH = YES;
				CODE_SIGN_IDENTITY = "iPhone Developer";
				COPY_PHASE_STRIP = NO;
				DEBUG_INFORMATION_FORMAT = "dwarf-with-dsym";
				ENABLE_NS_ASSERTIONS = NO;
				ENABLE_STRICT_OBJC_MSGSEND = YES;
				GCC_C_LANGUAGE_STANDARD = gnu11;
				GCC_NO_COMMON_BLOCKS = YES;
				GCC_WARN_64_TO_32_BIT_CONVERSION = YES;
				GCC_WARN_ABOUT_RETURN_TYPE = YES_ERROR;
				GCC_WARN_UNDECLARED_SELECTOR = YES;
				GCC_WARN_UNINITIALIZED_AUTOS = YES_AGGRESSIVE;
				GCC_WARN_UNUSED_FUNCTION = YES;
				GCC_WARN_UNUSED_VARIABLE = YES;
				IPHONEOS_DEPLOYMENT_TARGET = 12.2;
				MTL_ENABLE_DEBUG_INFO = NO;
				MTL_FAST_MATH = YES;
				SDKROOT = iphoneos;
				SWIFT_COMPILATION_MODE = wholemodule;
				SWIFT_OPTIMIZATION_LEVEL = "-O";
				VALIDATE_PRODUCT = YES;
			};
			name = Release;
		};
		007BD3ED22CBBBF000384CE2 /* Debug */ = {
			isa = XCBuildConfiguration;
			buildSettings = {
				ASSETCATALOG_COMPILER_APPICON_NAME = AppIcon;
				CODE_SIGN_STYLE = Automatic;
				INFOPLIST_FILE = firstApp/Info.plist;
				LD_RUNPATH_SEARCH_PATHS = (
					"$(inherited)",
					"@executable_path/Frameworks",
				);
				PRODUCT_BUNDLE_IDENTIFIER = com.learnappmaking.firstApp;
				PRODUCT_NAME = "$(TARGET_NAME)";
				SWIFT_VERSION = 5.0;
				TARGETED_DEVICE_FAMILY = "1,2";
			};
			name = Debug;
		};
		007BD3EE22CBBBF000384CE2 /* Release */ = {
			isa = XCBuildConfiguration;
			buildSettings = {
				ASSETCATALOG_COMPILER_APPICON_NAME = AppIcon;
				CODE_SIGN_STYLE = Automatic;
				INFOPLIST_FILE = firstApp/Info.plist;
				LD_RUNPATH_SEARCH_PATHS = (
					"$(inherited)",
					"@executable_path/Frameworks",
				);
				PRODUCT_BUNDLE_IDENTIFIER = com.learnappmaking.firstApp;
				PRODUCT_NAME = "$(TARGET_NAME)";
				SWIFT_VERSION = 5.0;
				TARGETED_DEVICE_FAMILY = "1,2";
			};
			name = Release;
		};
		007BD3F022CBBBF000384CE2 /* Debug */ = {
			isa = XCBuildConfiguration;
			buildSettings = {
				ALWAYS_EMBED_SWIFT_STANDARD_LIBRARIES = YES;
				BUNDLE_LOADER = "$(TEST_HOST)";
				CODE_SIGN_STYLE = Automatic;
				INFOPLIST_FILE = firstAppTests/Info.plist;
				LD_RUNPATH_SEARCH_PATHS = (
					"$(inherited)",
					"@executable_path/Frameworks",
					"@loader_path/Frameworks",
				);
				PRODUCT_BUNDLE_IDENTIFIER = com.learnappmaking.firstAppTests;
				PRODUCT_NAME = "$(TARGET_NAME)";
				SWIFT_VERSION = 5.0;
				TARGETED_DEVICE_FAMILY = "1,2";
				TEST_HOST = "$(BUILT_PRODUCTS_DIR)/firstApp.app/firstApp";
			};
			name = Debug;
		};
		007BD3F122CBBBF000384CE2 /* Release */ = {
			isa = XCBuildConfiguration;
			buildSettings = {
				ALWAYS_EMBED_SWIFT_STANDARD_LIBRARIES = YES;
				BUNDLE_LOADER = "$(TEST_HOST)";
				CODE_SIGN_STYLE = Automatic;
				INFOPLIST_FILE = firstAppTests/Info.plist;
				LD_RUNPATH_SEARCH_PATHS = (
					"$(inherited)",
					"@executable_path/Frameworks",
					"@loader_path/Frameworks",
				);
				PRODUCT_BUNDLE_IDENTIFIER = com.learnappmaking.firstAppTests;
				PRODUCT_NAME = "$(TARGET_NAME)";
				SWIFT_VERSION = 5.0;
				TARGETED_DEVICE_FAMILY = "1,2";
				TEST_HOST = "$(BUILT_PRODUCTS_DIR)/firstApp.app/firstApp";
			};
			name = Release;
		};
		007BD3F322CBBBF000384CE2 /* Debug */ = {
			isa = XCBuildConfiguration;
			buildSettings = {
				ALWAYS_EMBED_SWIFT_STANDARD_LIBRARIES = YES;
				CODE_SIGN_STYLE = Automatic;
				INFOPLIST_FILE = firstAppUITests/Info.plist;
				LD_RUNPATH_SEARCH_PATHS = (
					"$(inherited)",
					"@executable_path/Frameworks",
					"@loader_path/Frameworks",
				);
				PRODUCT_BUNDLE_IDENTIFIER = com.learnappmaking.firstAppUITests;
				PRODUCT_NAME = "$(TARGET_NAME)";
				SWIFT_VERSION = 5.0;
				TARGETED_DEVICE_FAMILY = "1,2";
				TEST_TARGET_NAME = firstApp;
			};
			name = Debug;
		};
		007BD3F422CBBBF000384CE2 /* Release */ = {
			isa = XCBuildConfiguration;
			buildSettings = {
				ALWAYS_EMBED_SWIFT_STANDARD_LIBRARIES = YES;
				CODE_SIGN_STYLE = Automatic;
				INFOPLIST_FILE = firstAppUITests/Info.plist;
				LD_RUNPATH_SEARCH_PATHS = (
					"$(inherited)",
					"@executable_path/Frameworks",
					"@loader_path/Frameworks",
				);
				PRODUCT_BUNDLE_IDENTIFIER = com.learnappmaking.firstAppUITests;
				PRODUCT_NAME = "$(TARGET_NAME)";
				SWIFT_VERSION = 5.0;
				TARGETED_DEVICE_FAMILY = "1,2";
				TEST_TARGET_NAME = firstApp;
			};
			name = Release;
		};
/* End XCBuildConfiguration section */

/* Begin XCConfigurationList section */
		007BD3BF22CBBBEF00384CE2 /* Build configuration list for PBXProject "firstApp" */ = {
			isa = XCConfigurationList;
			buildConfigurations = (
				007BD3EA22CBBBF000384CE2 /* Debug */,
				007BD3EB22CBBBF000384CE2 /* Release */,
			);
			defaultConfigurationIsVisible = 0;
			defaultConfigurationName = Release;
		};
		007BD3EC22CBBBF000384CE2 /* Build configuration list for PBXNativeTarget "firstApp" */ = {
			isa = XCConfigurationList;
			buildConfigurations = (
				007BD3ED22CBBBF000384CE2 /* Debug */,
				007BD3EE22CBBBF000384CE2 /* Release */,
			);
			defaultConfigurationIsVisible = 0;
			defaultConfigurationName = Release;
		};
		007BD3EF22CBBBF000384CE2 /* Build configuration list for PBXNativeTarget "firstAppTests" */ = {
			isa = XCConfigurationList;
			buildConfigurations = (
				007BD3F022CBBBF000384CE2 /* Debug */,
				007BD3F122CBBBF000384CE2 /* Release */,
			);
			defaultConfigurationIsVisible = 0;
			defaultConfigurationName = Release;
		};
		007BD3F222CBBBF000384CE2 /* Build configuration list for PBXNativeTarget "firstAppUITests" */ = {
			isa = XCConfigurationList;
			buildConfigurations = (
				007BD3F322CBBBF000384CE2 /* Debug */,
				007BD3F422CBBBF000384CE2 /* Release */,
			);
			defaultConfigurationIsVisible = 0;
			defaultConfigurationName = Release;
		};
/* End XCConfigurationList section */
	};
	rootObject = 007BD3BC22CBBBEF00384CE2 /* Project object */;
}
